schema: '2.0'
stages:
  train_model:
    cmd: python lstm+cnn_(with-dvc).py
    deps:
    - path: data.npz
      hash: md5
      md5: fadce05a94036e9a9b7c43035c595113
      size: 226950348
    - path: params.yaml
      hash: md5
      md5: fe58095e9e07bb0255ceec7cf62a8649
      size: 37
    - path: test/data.npy
      hash: md5
      md5: 62ea638b8fd3180fe2d6aaffbc3e1024
      size: 325416608
    - path: test/mask.npy
      hash: md5
      md5: c7f3d366712afbb0cfb50d8ac82ba155
      size: 27989
    - path: train/data.npy
      hash: md5
      md5: ff5230174d72b610c6fc54caa518c1ba
      size: 436191944
    - path: train/mask.npy
      hash: md5
      md5: c7f3d366712afbb0cfb50d8ac82ba155
      size: 27989
    params:
      params.yaml:
        batch_size: 16
        learning_rate: 0.01
    outs:
    - path: metrics.npy
      hash: md5
      md5: 3a992c33150a6993b95bad1a3269101c
      size: 778
    - path: metrics/metrics.json
      hash: md5
      md5: 9d3f7940dc488d2191dce9359139c97b
      size: 436
    - path: model.h5
      hash: md5
      md5: 1898138e186c1939ab6e15cf3b14f8b1
      size: 66036216
  train_model_v2:
    cmd: python lstm+cnn_(with-dvc).py
    deps:
    - path: data.npz
      hash: md5
      md5: fadce05a94036e9a9b7c43035c595113
      size: 226950348
    - path: params_v2.yaml
      hash: md5
      md5: fe58095e9e07bb0255ceec7cf62a8649
      size: 37
    - path: test/data.npy
      hash: md5
      md5: 62ea638b8fd3180fe2d6aaffbc3e1024
      size: 325416608
    - path: test/mask.npy
      hash: md5
      md5: c7f3d366712afbb0cfb50d8ac82ba155
      size: 27989
    - path: train/data.npy
      hash: md5
      md5: ff5230174d72b610c6fc54caa518c1ba
      size: 436191944
    - path: train/mask.npy
      hash: md5
      md5: c7f3d366712afbb0cfb50d8ac82ba155
      size: 27989
    params:
      params.yaml:
        batch_size: 16
        learning_rate: 0.01
    outs:
    - path: metrics/metrics_v2.json
      hash: md5
      md5: 23ce851b81e7e2b3783a4707a67d4644
      size: 871
    - path: metrics_v2.npy
      hash: md5
      md5: 86b2fbb2a57da41ee28ea3e6c5a197c6
      size: 778
    - path: model_v2.h5
      hash: md5
      md5: 97d917acb887cd7d08be75866935800a
      size: 56223496
