schema: '2.0'
stages:
  train_model:
    cmd: python lstm_cnn_with_dvc.py --params params.yaml --output metrics_v1.npy
      --model model_v1.h5
    deps:
    - path: data.npz
      hash: md5
      md5: fadce05a94036e9a9b7c43035c595113
      size: 226950348
    - path: params.yaml
      hash: md5
      md5: 091016a6b9905387b6341c47541d421e
      size: 39
    - path: test/data.npy
      hash: md5
      md5: 62ea638b8fd3180fe2d6aaffbc3e1024
      size: 325416608
    - path: test/mask.npy
      hash: md5
      md5: c7f3d366712afbb0cfb50d8ac82ba155
      size: 27989
    - path: train/data.npy
      hash: md5
      md5: ff5230174d72b610c6fc54caa518c1ba
      size: 436191944
    - path: train/mask.npy
      hash: md5
      md5: c7f3d366712afbb0cfb50d8ac82ba155
      size: 27989
    params:
      params.yaml:
        learning_rate: 0.0001
    outs:
    - path: metrics_v1.npy
      hash: md5
      md5: 4d9318bf8fac48a12902b82a62865072
      size: 778
    - path: model_v1.h5
      hash: md5
      md5: 58dd2ff483722ce7c823dd7759ab33f4
      size: 66036216
  train_model_v2:
    cmd: python lstm_cnn_with_dvc.py --params params_v2.yaml --output metrics_v2.npy
      --model model_v2.h5
    deps:
    - path: data.npz
      hash: md5
      md5: fadce05a94036e9a9b7c43035c595113
      size: 226950348
    - path: params_v2.yaml
      hash: md5
      md5: 7bd7917d52312ed6c1b889280f6ec0de
      size: 35
    - path: test/data.npy
      hash: md5
      md5: 62ea638b8fd3180fe2d6aaffbc3e1024
      size: 325416608
    - path: test/mask.npy
      hash: md5
      md5: c7f3d366712afbb0cfb50d8ac82ba155
      size: 27989
    - path: train/data.npy
      hash: md5
      md5: ff5230174d72b610c6fc54caa518c1ba
      size: 436191944
    - path: train/mask.npy
      hash: md5
      md5: c7f3d366712afbb0cfb50d8ac82ba155
      size: 27989
    params:
      params.yaml:
        learning_rate: 0.0001
    outs:
    - path: metrics_v2.npy
      hash: md5
      md5: 294b4ab763cea3187412475ecb147864
      size: 778
    - path: model_v2.h5
      hash: md5
      md5: 63e691a11acde0a05b7c8f0ca60a684c
      size: 56223496
